// !$*UTF8*$!
{
	archiveVersion = 1;
	classes = {
	};
	objectVersion = 46;
	objects = {

/* Begin PBXBuildFile section */
		7A4B321F1A21299100DC2B8F /* AppDelegate.swift in Sources */ = {isa = PBXBuildFile; fileRef = 7A4B321E1A21299100DC2B8F /* AppDelegate.swift */; };
		7A4B32221A21299100DC2B8F /* eventbuddy.xcdatamodeld in Sources */ = {isa = PBXBuildFile; fileRef = 7A4B32201A21299100DC2B8F /* eventbuddy.xcdatamodeld */; };
		7A4B32241A21299100DC2B8F /* MasterViewController.swift in Sources */ = {isa = PBXBuildFile; fileRef = 7A4B32231A21299100DC2B8F /* MasterViewController.swift */; };
		7A4B32261A21299100DC2B8F /* DetailViewController.swift in Sources */ = {isa = PBXBuildFile; fileRef = 7A4B32251A21299100DC2B8F /* DetailViewController.swift */; };
		7A4B32291A21299100DC2B8F /* Main.storyboard in Resources */ = {isa = PBXBuildFile; fileRef = 7A4B32271A21299100DC2B8F /* Main.storyboard */; };
		7A4B322B1A21299100DC2B8F /* Images.xcassets in Resources */ = {isa = PBXBuildFile; fileRef = 7A4B322A1A21299100DC2B8F /* Images.xcassets */; };
		7A4B322E1A21299100DC2B8F /* LaunchScreen.xib in Resources */ = {isa = PBXBuildFile; fileRef = 7A4B322C1A21299100DC2B8F /* LaunchScreen.xib */; };
		7A4B323A1A21299100DC2B8F /* eventbuddyTests.swift in Sources */ = {isa = PBXBuildFile; fileRef = 7A4B32391A21299100DC2B8F /* eventbuddyTests.swift */; };
/* End PBXBuildFile section */

/* Begin PBXContainerItemProxy section */
		7A4B32341A21299100DC2B8F /* PBXContainerItemProxy */ = {
			isa = PBXContainerItemProxy;
			containerPortal = 7A4B32111A21299100DC2B8F /* Project object */;
			proxyType = 1;
			remoteGlobalIDString = 7A4B32181A21299100DC2B8F;
			remoteInfo = eventbuddy;
		};
/* End PBXContainerItemProxy section */

/* Begin PBXFileReference section */
		7A4B32191A21299100DC2B8F /* eventbuddy.app */ = {isa = PBXFileReference; explicitFileType = wrapper.application; includeInIndex = 0; path = eventbuddy.app; sourceTree = BUILT_PRODUCTS_DIR; };
		7A4B321D1A21299100DC2B8F /* Info.plist */ = {isa = PBXFileReference; lastKnownFileType = text.plist.xml; path = Info.plist; sourceTree = "<group>"; };
		7A4B321E1A21299100DC2B8F /* AppDelegate.swift */ = {isa = PBXFileReference; lastKnownFileType = sourcecode.swift; path = AppDelegate.swift; sourceTree = "<group>"; };
		7A4B32211A21299100DC2B8F /* eventbuddy.xcdatamodel */ = {isa = PBXFileReference; lastKnownFileType = wrapper.xcdatamodel; path = eventbuddy.xcdatamodel; sourceTree = "<group>"; };
		7A4B32231A21299100DC2B8F /* MasterViewController.swift */ = {isa = PBXFileReference; lastKnownFileType = sourcecode.swift; path = MasterViewController.swift; sourceTree = "<group>"; };
		7A4B32251A21299100DC2B8F /* DetailViewController.swift */ = {isa = PBXFileReference; lastKnownFileType = sourcecode.swift; path = DetailViewController.swift; sourceTree = "<group>"; };
		7A4B32281A21299100DC2B8F /* Base */ = {isa = PBXFileReference; lastKnownFileType = file.storyboard; name = Base; path = Base.lproj/Main.storyboard; sourceTree = "<group>"; };
		7A4B322A1A21299100DC2B8F /* Images.xcassets */ = {isa = PBXFileReference; lastKnownFileType = folder.assetcatalog; path = Images.xcassets; sourceTree = "<group>"; };
		7A4B322D1A21299100DC2B8F /* Base */ = {isa = PBXFileReference; lastKnownFileType = file.xib; name = Base; path = Base.lproj/LaunchScreen.xib; sourceTree = "<group>"; };
		7A4B32331A21299100DC2B8F /* eventbuddyTests.xctest */ = {isa = PBXFileReference; explicitFileType = wrapper.cfbundle; includeInIndex = 0; path = eventbuddyTests.xctest; sourceTree = BUILT_PRODUCTS_DIR; };
		7A4B32381A21299100DC2B8F /* Info.plist */ = {isa = PBXFileReference; lastKnownFileType = text.plist.xml; path = Info.plist; sourceTree = "<group>"; };
		7A4B32391A21299100DC2B8F /* eventbuddyTests.swift */ = {isa = PBXFileReference; lastKnownFileType = sourcecode.swift; path = eventbuddyTests.swift; sourceTree = "<group>"; };
/* End PBXFileReference section */

/* Begin PBXFrameworksBuildPhase section */
		7A4B32161A21299100DC2B8F /* Frameworks */ = {
			isa = PBXFrameworksBuildPhase;
			buildActionMask = 2147483647;
			files = (
			);
			runOnlyForDeploymentPostprocessing = 0;
		};
		7A4B32301A21299100DC2B8F /* Frameworks */ = {
			isa = PBXFrameworksBuildPhase;
			buildActionMask = 2147483647;
			files = (
			);
			runOnlyForDeploymentPostprocessing = 0;
		};
/* End PBXFrameworksBuildPhase section */

/* Begin PBXGroup section */
		7A4B32101A21299100DC2B8F = {
			isa = PBXGroup;
			children = (
				7A4B321B1A21299100DC2B8F /* eventbuddy */,
				7A4B32361A21299100DC2B8F /* eventbuddyTests */,
				7A4B321A1A21299100DC2B8F /* Products */,
			);
			sourceTree = "<group>";
		};
		7A4B321A1A21299100DC2B8F /* Products */ = {
			isa = PBXGroup;
			children = (
				7A4B32191A21299100DC2B8F /* eventbuddy.app */,
				7A4B32331A21299100DC2B8F /* eventbuddyTests.xctest */,
			);
			name = Products;
			sourceTree = "<group>";
		};
		7A4B321B1A21299100DC2B8F /* eventbuddy */ = {
			isa = PBXGroup;
			children = (
				7A4B321E1A21299100DC2B8F /* AppDelegate.swift */,
				7A4B32231A21299100DC2B8F /* MasterViewController.swift */,
				7A4B32251A21299100DC2B8F /* DetailViewController.swift */,
				7A4B32271A21299100DC2B8F /* Main.storyboard */,
				7A4B322A1A21299100DC2B8F /* Images.xcassets */,
				7A4B322C1A21299100DC2B8F /* LaunchScreen.xib */,
				7A4B32201A21299100DC2B8F /* eventbuddy.xcdatamodeld */,
				7A4B321C1A21299100DC2B8F /* Supporting Files */,
			);
			path = eventbuddy;
			sourceTree = "<group>";
		};
		7A4B321C1A21299100DC2B8F /* Supporting Files */ = {
			isa = PBXGroup;
			children = (
				7A4B321D1A21299100DC2B8F /* Info.plist */,
			);
			name = "Supporting Files";
			sourceTree = "<group>";
		};
		7A4B32361A21299100DC2B8F /* eventbuddyTests */ = {
			isa = PBXGroup;
			children = (
				7A4B32391A21299100DC2B8F /* eventbuddyTests.swift */,
				7A4B32371A21299100DC2B8F /* Supporting Files */,
			);
			path = eventbuddyTests;
			sourceTree = "<group>";
		};
		7A4B32371A21299100DC2B8F /* Supporting Files */ = {
			isa = PBXGroup;
			children = (
				7A4B32381A21299100DC2B8F /* Info.plist */,
			);
			name = "Supporting Files";
			sourceTree = "<group>";
		};
/* End PBXGroup section */

/* Begin PBXNativeTarget section */
		7A4B32181A21299100DC2B8F /* eventbuddy */ = {
			isa = PBXNativeTarget;
			buildConfigurationList = 7A4B323D1A21299100DC2B8F /* Build configuration list for PBXNativeTarget "eventbuddy" */;
			buildPhases = (
				7A4B32151A21299100DC2B8F /* Sources */,
				7A4B32161A21299100DC2B8F /* Frameworks */,
				7A4B32171A21299100DC2B8F /* Resources */,
			);
			buildRules = (
			);
			dependencies = (
			);
			name = eventbuddy;
			productName = eventbuddy;
			productReference = 7A4B32191A21299100DC2B8F /* eventbuddy.app */;
			productType = "com.apple.product-type.application";
		};
		7A4B32321A21299100DC2B8F /* eventbuddyTests */ = {
			isa = PBXNativeTarget;
			buildConfigurationList = 7A4B32401A21299100DC2B8F /* Build configuration list for PBXNativeTarget "eventbuddyTests" */;
			buildPhases = (
				7A4B322F1A21299100DC2B8F /* Sources */,
				7A4B32301A21299100DC2B8F /* Frameworks */,
				7A4B32311A21299100DC2B8F /* Resources */,
			);
			buildRules = (
			);
			dependencies = (
				7A4B32351A21299100DC2B8F /* PBXTargetDependency */,
			);
			name = eventbuddyTests;
			productName = eventbuddyTests;
			productReference = 7A4B32331A21299100DC2B8F /* eventbuddyTests.xctest */;
			productType = "com.apple.product-type.bundle.unit-test";
		};
/* End PBXNativeTarget section */

/* Begin PBXProject section */
		7A4B32111A21299100DC2B8F /* Project object */ = {
			isa = PBXProject;
			attributes = {
				LastUpgradeCheck = 0610;
				ORGANIZATIONNAME = corgi;
				TargetAttributes = {
					7A4B32181A21299100DC2B8F = {
						CreatedOnToolsVersion = 6.1;
					};
					7A4B32321A21299100DC2B8F = {
						CreatedOnToolsVersion = 6.1;
						TestTargetID = 7A4B32181A21299100DC2B8F;
					};
				};
			};
			buildConfigurationList = 7A4B32141A21299100DC2B8F /* Build configuration list for PBXProject "eventbuddy" */;
			compatibilityVersion = "Xcode 3.2";
			developmentRegion = English;
			hasScannedForEncodings = 0;
			knownRegions = (
				en,
				Base,
			);
			mainGroup = 7A4B32101A21299100DC2B8F;
			productRefGroup = 7A4B321A1A21299100DC2B8F /* Products */;
			projectDirPath = "";
			projectRoot = "";
			targets = (
				7A4B32181A21299100DC2B8F /* eventbuddy */,
				7A4B32321A21299100DC2B8F /* eventbuddyTests */,
			);
		};
/* End PBXProject section */

/* Begin PBXResourcesBuildPhase section */
		7A4B32171A21299100DC2B8F /* Resources */ = {
			isa = PBXResourcesBuildPhase;
			buildActionMask = 2147483647;
			files = (
				7A4B32291A21299100DC2B8F /* Main.storyboard in Resources */,
				7A4B322E1A21299100DC2B8F /* LaunchScreen.xib in Resources */,
				7A4B322B1A21299100DC2B8F /* Images.xcassets in Resources */,
			);
			runOnlyForDeploymentPostprocessing = 0;
		};
		7A4B32311A21299100DC2B8F /* Resources */ = {
			isa = PBXResourcesBuildPhase;
			buildActionMask = 2147483647;
			files = (
			);
			runOnlyForDeploymentPostprocessing = 0;
		};
/* End PBXResourcesBuildPhase section */

/* Begin PBXSourcesBuildPhase section */
		7A4B32151A21299100DC2B8F /* Sources */ = {
			isa = PBXSourcesBuildPhase;
			buildActionMask = 2147483647;
			files = (
				7A4B321F1A21299100DC2B8F /* AppDelegate.swift in Sources */,
				7A4B32221A21299100DC2B8F /* eventbuddy.xcdatamodeld in Sources */,
				7A4B32241A21299100DC2B8F /* MasterViewController.swift in Sources */,
				7A4B32261A21299100DC2B8F /* DetailViewController.swift in Sources */,
			);
			runOnlyForDeploymentPostprocessing = 0;
		};
		7A4B322F1A21299100DC2B8F /* Sources */ = {
			isa = PBXSourcesBuildPhase;
			buildActionMask = 2147483647;
			files = (
				7A4B323A1A21299100DC2B8F /* eventbuddyTests.swift in Sources */,
			);
			runOnlyForDeploymentPostprocessing = 0;
		};
/* End PBXSourcesBuildPhase section */

/* Begin PBXTargetDependency section */
		7A4B32351A21299100DC2B8F /* PBXTargetDependency */ = {
			isa = PBXTargetDependency;
			target = 7A4B32181A21299100DC2B8F /* eventbuddy */;
			targetProxy = 7A4B32341A21299100DC2B8F /* PBXContainerItemProxy */;
		};
/* End PBXTargetDependency section */

/* Begin PBXVariantGroup section */
		7A4B32271A21299100DC2B8F /* Main.storyboard */ = {
			isa = PBXVariantGroup;
			children = (
				7A4B32281A21299100DC2B8F /* Base */,
			);
			name = Main.storyboard;
			sourceTree = "<group>";
		};
		7A4B322C1A21299100DC2B8F /* LaunchScreen.xib */ = {
			isa = PBXVariantGroup;
			children = (
				7A4B322D1A21299100DC2B8F /* Base */,
			);
			name = LaunchScreen.xib;
			sourceTree = "<group>";
		};
/* End PBXVariantGroup section */

/* Begin XCBuildConfiguration section */
		7A4B323B1A21299100DC2B8F /* Debug */ = {
			isa = XCBuildConfiguration;
			buildSettings = {
				ALWAYS_SEARCH_USER_PATHS = NO;
				CLANG_CXX_LANGUAGE_STANDARD = "gnu++0x";
				CLANG_CXX_LIBRARY = "libc++";
				CLANG_ENABLE_MODULES = YES;
				CLANG_ENABLE_OBJC_ARC = YES;
				CLANG_WARN_BOOL_CONVERSION = YES;
				CLANG_WARN_CONSTANT_CONVERSION = YES;
				CLANG_WARN_DIRECT_OBJC_ISA_USAGE = YES_ERROR;
				CLANG_WARN_EMPTY_BODY = YES;
				CLANG_WARN_ENUM_CONVERSION = YES;
				CLANG_WARN_INT_CONVERSION = YES;
				CLANG_WARN_OBJC_ROOT_CLASS = YES_ERROR;
				CLANG_WARN_UNREACHABLE_CODE = YES;
				CLANG_WARN__DUPLICATE_METHOD_MATCH = YES;
				"CODE_SIGN_IDENTITY[sdk=iphoneos*]" = "iPhone Developer";
				COPY_PHASE_STRIP = NO;
				ENABLE_STRICT_OBJC_MSGSEND = YES;
				GCC_C_LANGUAGE_STANDARD = gnu99;
				GCC_DYNAMIC_NO_PIC = NO;
				GCC_OPTIMIZATION_LEVEL = 0;
				GCC_PREPROCESSOR_DEFINITIONS = (
					"DEBUG=1",
					"$(inherited)",
				);
				GCC_SYMBOLS_PRIVATE_EXTERN = NO;
				GCC_WARN_64_TO_32_BIT_CONVERSION = YES;
				GCC_WARN_ABOUT_RETURN_TYPE = YES_ERROR;
				GCC_WARN_UNDECLARED_SELECTOR = YES;
				GCC_WARN_UNINITIALIZED_AUTOS = YES_AGGRESSIVE;
				GCC_WARN_UNUSED_FUNCTION = YES;
				GCC_WARN_UNUSED_VARIABLE = YES;
				IPHONEOS_DEPLOYMENT_TARGET = 8.1;
				MTL_ENABLE_DEBUG_INFO = YES;
				ONLY_ACTIVE_ARCH = YES;
				SDKROOT = iphoneos;
				SWIFT_OPTIMIZATION_LEVEL = "-Onone";
				TARGETED_DEVICE_FAMILY = "1,2";
			};
			name = Debug;
		};
		7A4B323C1A21299100DC2B8F /* Release */ = {
			isa = XCBuildConfiguration;
			buildSettings = {
				ALWAYS_SEARCH_USER_PATHS = NO;
				CLANG_CXX_LANGUAGE_STANDARD = "gnu++0x";
				CLANG_CXX_LIBRARY = "libc++";
				CLANG_ENABLE_MODULES = YES;
				CLANG_ENABLE_OBJC_ARC = YES;
				CLANG_WARN_BOOL_CONVERSION = YES;
				CLANG_WARN_CONSTANT_CONVERSION = YES;
				CLANG_WARN_DIRECT_OBJC_ISA_USAGE = YES_ERROR;
				CLANG_WARN_EMPTY_BODY = YES;
				CLANG_WARN_ENUM_CONVERSION = YES;
				CLANG_WARN_INT_CONVERSION = YES;
				CLANG_WARN_OBJC_ROOT_CLASS = YES_ERROR;
				CLANG_WARN_UNREACHABLE_CODE = YES;
				CLANG_WARN__DUPLICATE_METHOD_MATCH = YES;
				"CODE_SIGN_IDENTITY[sdk=iphoneos*]" = "iPhone Developer";
				COPY_PHASE_STRIP = YES;
				ENABLE_NS_ASSERTIONS = NO;
				ENABLE_STRICT_OBJC_MSGSEND = YES;
				GCC_C_LANGUAGE_STANDARD = gnu99;
				GCC_WARN_64_TO_32_BIT_CONVERSION = YES;
				GCC_WARN_ABOUT_RETURN_TYPE = YES_ERROR;
				GCC_WARN_UNDECLARED_SELECTOR = YES;
				GCC_WARN_UNINITIALIZED_AUTOS = YES_AGGRESSIVE;
				GCC_WARN_UNUSED_FUNCTION = YES;
				GCC_WARN_UNUSED_VARIABLE = YES;
				IPHONEOS_DEPLOYMENT_TARGET = 8.1;
				MTL_ENABLE_DEBUG_INFO = NO;
				SDKROOT = iphoneos;
				TARGETED_DEVICE_FAMILY = "1,2";
				VALIDATE_PRODUCT = YES;
			};
			name = Release;
		};
		7A4B323E1A21299100DC2B8F /* Debug */ = {
			isa = XCBuildConfiguration;
			buildSettings = {
				ASSETCATALOG_COMPILER_APPICON_NAME = AppIcon;
				INFOPLIST_FILE = eventbuddy/Info.plist;
				LD_RUNPATH_SEARCH_PATHS = "$(inherited) @executable_path/Frameworks";
				PRODUCT_NAME = "$(TARGET_NAME)";
			};
			name = Debug;
		};
		7A4B323F1A21299100DC2B8F /* Release */ = {
			isa = XCBuildConfiguration;
			buildSettings = {
				ASSETCATALOG_COMPILER_APPICON_NAME = AppIcon;
				INFOPLIST_FILE = eventbuddy/Info.plist;
				LD_RUNPATH_SEARCH_PATHS = "$(inherited) @executable_path/Frameworks";
				PRODUCT_NAME = "$(TARGET_NAME)";
			};
			name = Release;
		};
		7A4B32411A21299100DC2B8F /* Debug */ = {
			isa = XCBuildConfiguration;
			buildSettings = {
				BUNDLE_LOADER = "$(TEST_HOST)";
				FRAMEWORK_SEARCH_PATHS = (
					"$(SDKROOT)/Developer/Library/Frameworks",
					"$(inherited)",
				);
				GCC_PREPROCESSOR_DEFINITIONS = (
					"DEBUG=1",
					"$(inherited)",
				);
				INFOPLIST_FILE = eventbuddyTests/Info.plist;
				LD_RUNPATH_SEARCH_PATHS = "$(inherited) @executable_path/Frameworks @loader_path/Frameworks";
				PRODUCT_NAME = "$(TARGET_NAME)";
				TEST_HOST = "$(BUILT_PRODUCTS_DIR)/eventbuddy.app/eventbuddy";
			};
			name = Debug;
		};
		7A4B32421A21299100DC2B8F /* Release */ = {
			isa = XCBuildConfiguration;
			buildSettings = {
				BUNDLE_LOADER = "$(TEST_HOST)";
				FRAMEWORK_SEARCH_PATHS = (
					"$(SDKROOT)/Developer/Library/Frameworks",
					"$(inherited)",
				);
				INFOPLIST_FILE = eventbuddyTests/Info.plist;
				LD_RUNPATH_SEARCH_PATHS = "$(inherited) @executable_path/Frameworks @loader_path/Frameworks";
				PRODUCT_NAME = "$(TARGET_NAME)";
				TEST_HOST = "$(BUILT_PRODUCTS_DIR)/eventbuddy.app/eventbuddy";
			};
			name = Release;
		};
/* End XCBuildConfiguration section */

/* Begin XCConfigurationList section */
		7A4B32141A21299100DC2B8F /* Build configuration list for PBXProject "eventbuddy" */ = {
			isa = XCConfigurationList;
			buildConfigurations = (
				7A4B323B1A21299100DC2B8F /* Debug */,
				7A4B323C1A21299100DC2B8F /* Release */,
			);
			defaultConfigurationIsVisible = 0;
			defaultConfigurationName = Release;
		};
		7A4B323D1A21299100DC2B8F /* Build configuration list for PBXNativeTarget "eventbuddy" */ = {
			isa = XCConfigurationList;
			buildConfigurations = (
				7A4B323E1A21299100DC2B8F /* Debug */,
				7A4B323F1A21299100DC2B8F /* Release */,
			);
			defaultConfigurationIsVisible = 0;
		};
		7A4B32401A21299100DC2B8F /* Build configuration list for PBXNativeTarget "eventbuddyTests" */ = {
			isa = XCConfigurationList;
			buildConfigurations = (
				7A4B32411A21299100DC2B8F /* Debug */,
				7A4B32421A21299100DC2B8F /* Release */,
			);
			defaultConfigurationIsVisible = 0;
		};
/* End XCConfigurationList section */

/* Begin XCVersionGroup section */
		7A4B32201A21299100DC2B8F /* eventbuddy.xcdatamodeld */ = {
			isa = XCVersionGroup;
			children = (
				7A4B32211A21299100DC2B8F /* eventbuddy.xcdatamodel */,
			);
			currentVersion = 7A4B32211A21299100DC2B8F /* eventbuddy.xcdatamodel */;
			path = eventbuddy.xcdatamodeld;
			sourceTree = "<group>";
			versionGroupType = wrapper.xcdatamodel;
		};
/* End XCVersionGroup section */
	};
	rootObject = 7A4B32111A21299100DC2B8F /* Project object */;
}
